
Microsoft Visual Studio Solution File, Format Version 12.00
# Visual Studio Version 17
VisualStudioVersion = 17.0.32126.317
MinimumVisualStudioVersion = 10.0.40219.1
Project("{9A19103F-16F7-4668-BE54-9A1E7A4F7556}") = "LearnDelegateAndEvent", "LearnDelegateAndEvent\LearnDelegateAndEvent.csproj", "{6E0123F4-5139-40CF-91FC-8BD8E0EDED16}"
EndProject
Project("{9A19103F-16F7-4668-BE54-9A1E7A4F7556}") = "TestDependencyApiLife", "TestDependencyApiLife\TestDependencyApiLife.csproj", "{70D8E09E-DB53-451E-B61A-B65814038B1E}"
EndProject
Project("{9A19103F-16F7-4668-BE54-9A1E7A4F7556}") = "TestAPI", "TestAPI\TestAPI.csproj", "{33AC6959-4244-466A-84C6-B5A14D6AB4BD}"
EndProject
Project("{FAE04EC0-301F-11D3-BF4B-00C04F79EFBC}") = "DatabaseFirstDemo", "DatabaseFirstDemo\DatabaseFirstDemo.csproj", "{D5D483CA-7B0D-4124-9715-5060EC982744}"
EndProject
Project("{FAE04EC0-301F-11D3-BF4B-00C04F79EFBC}") = "CodeFirstDemo", "CodeFirstDemo\CodeFirstDemo.csproj", "{736D70B0-BD10-4984-9C5A-7008ED024689}"
EndProject
Project("{FAE04EC0-301F-11D3-BF4B-00C04F79EFBC}") = "CodeFirstExistingDatabase", "CodeFirstExistingDatabase\CodeFirstExistingDatabase.csproj", "{8B2B0ECE-C3A5-40D7-AF67-B8A08B8791C6}"
EndProject
Project("{9A19103F-16F7-4668-BE54-9A1E7A4F7556}") = "FactoryPatterm", "FactoryPatterm\FactoryPatterm.csproj", "{3FD73BF4-ECBB-43FC-8F19-F0F5D1709AC9}"
EndProject
Project("{9A19103F-16F7-4668-BE54-9A1E7A4F7556}") = "ConsoleAppDemo", "ConsoleAppDemo\ConsoleAppDemo.csproj", "{190A39CF-92A3-4402-99A3-8EF3FEC0D69E}"
EndProject
Project("{9A19103F-16F7-4668-BE54-9A1E7A4F7556}") = "ConsoleApp2", "ConsoleApp2\ConsoleApp2.csproj", "{4B1C48F8-1289-49E7-B6E4-A0E828A00CCE}"
EndProject
Project("{2150E333-8FDC-42A3-9474-1A3956D46DE8}") = "design-patterns", "design-patterns", "{12DE158E-EA7C-473F-A634-C61811465961}"
EndProject
Project("{9A19103F-16F7-4668-BE54-9A1E7A4F7556}") = "CommandPattern", "CommandPattern\CommandPattern.csproj", "{A92C697E-9DF0-467F-ACB2-D5699C69564A}"
EndProject
Project("{9A19103F-16F7-4668-BE54-9A1E7A4F7556}") = "CommandPattern2", "CommandPattern2\CommandPattern2.csproj", "{29A9D5A1-23B3-4B34-9FCD-0A7725B9B92B}"
EndProject
Project("{9A19103F-16F7-4668-BE54-9A1E7A4F7556}") = "ConsoleApp3", "ConsoleApp3\ConsoleApp3.csproj", "{AB9EE16B-8CC9-45CE-B3FA-C31EBF28405B}"
EndProject
Project("{FAE04EC0-301F-11D3-BF4B-00C04F79EFBC}") = "ConsoleApp4", "ConsoleApp4\ConsoleApp4.csproj", "{59DAD7D3-A1A8-42B0-BE74-764B2AC8E14E}"
EndProject
Project("{FAE04EC0-301F-11D3-BF4B-00C04F79EFBC}") = "GeneratePrices", "GeneratePrices\GeneratePrices.csproj", "{2701BA9B-2448-4A0A-8F01-05C67CCA7B2C}"
EndProject
Project("{FAE04EC0-301F-11D3-BF4B-00C04F79EFBC}") = "TestParalle", "TestParalle\TestParalle.csproj", "{D5F30097-2960-4D14-9C3E-B2152D135879}"
EndProject
Project("{9A19103F-16F7-4668-BE54-9A1E7A4F7556}") = "CoreWebApi", "CoreWebApi\CoreWebApi.csproj", "{2A1B211C-A251-45BD-AA26-C91F4AF77F59}"
EndProject
Project("{9A19103F-16F7-4668-BE54-9A1E7A4F7556}") = "CoreWebAppModelViewController", "CoreWebAppModelViewController\CoreWebAppModelViewController.csproj", "{9A0FC52F-EC5C-440A-907D-AAE7A01A4F6D}"
EndProject
Project("{9A19103F-16F7-4668-BE54-9A1E7A4F7556}") = "CoreApi", "CoreApi\CoreApi.csproj", "{7094655C-0E8E-4732-BE66-2F2F27E82DDE}"
EndProject
Project("{FAE04EC0-301F-11D3-BF4B-00C04F79EFBC}") = "ConsoleNetFramework", "ConsoleNetFramework\ConsoleNetFramework.csproj", "{FA72DB3C-D175-4B06-A089-65DBEEFD37C1}"
EndProject
Project("{9A19103F-16F7-4668-BE54-9A1E7A4F7556}") = "ConsoleNet8", "ConsoleNet8\ConsoleNet8.csproj", "{975A8605-2A83-4DB1-8EFB-03691DBA9FCA}"
EndProject
Project("{FAE04EC0-301F-11D3-BF4B-00C04F79EFBC}") = "WebAppTest", "WebAppTest\WebAppTest.csproj", "{E0520A9C-C284-4BFC-AD95-0AB628DC235F}"
EndProject
Global
	GlobalSection(SolutionConfigurationPlatforms) = preSolution
		Debug|Any CPU = Debug|Any CPU
		Release|Any CPU = Release|Any CPU
	EndGlobalSection
	GlobalSection(ProjectConfigurationPlatforms) = postSolution
		{6E0123F4-5139-40CF-91FC-8BD8E0EDED16}.Debug|Any CPU.ActiveCfg = Debug|Any CPU
		{6E0123F4-5139-40CF-91FC-8BD8E0EDED16}.Debug|Any CPU.Build.0 = Debug|Any CPU
		{6E0123F4-5139-40CF-91FC-8BD8E0EDED16}.Release|Any CPU.ActiveCfg = Release|Any CPU
		{6E0123F4-5139-40CF-91FC-8BD8E0EDED16}.Release|Any CPU.Build.0 = Release|Any CPU
		{70D8E09E-DB53-451E-B61A-B65814038B1E}.Debug|Any CPU.ActiveCfg = Debug|Any CPU
		{70D8E09E-DB53-451E-B61A-B65814038B1E}.Debug|Any CPU.Build.0 = Debug|Any CPU
		{70D8E09E-DB53-451E-B61A-B65814038B1E}.Release|Any CPU.ActiveCfg = Release|Any CPU
		{70D8E09E-DB53-451E-B61A-B65814038B1E}.Release|Any CPU.Build.0 = Release|Any CPU
		{33AC6959-4244-466A-84C6-B5A14D6AB4BD}.Debug|Any CPU.ActiveCfg = Debug|Any CPU
		{33AC6959-4244-466A-84C6-B5A14D6AB4BD}.Debug|Any CPU.Build.0 = Debug|Any CPU
		{33AC6959-4244-466A-84C6-B5A14D6AB4BD}.Release|Any CPU.ActiveCfg = Release|Any CPU
		{33AC6959-4244-466A-84C6-B5A14D6AB4BD}.Release|Any CPU.Build.0 = Release|Any CPU
		{D5D483CA-7B0D-4124-9715-5060EC982744}.Debug|Any CPU.ActiveCfg = Debug|Any CPU
		{D5D483CA-7B0D-4124-9715-5060EC982744}.Debug|Any CPU.Build.0 = Debug|Any CPU
		{D5D483CA-7B0D-4124-9715-5060EC982744}.Release|Any CPU.ActiveCfg = Release|Any CPU
		{D5D483CA-7B0D-4124-9715-5060EC982744}.Release|Any CPU.Build.0 = Release|Any CPU
		{736D70B0-BD10-4984-9C5A-7008ED024689}.Debug|Any CPU.ActiveCfg = Debug|Any CPU
		{736D70B0-BD10-4984-9C5A-7008ED024689}.Debug|Any CPU.Build.0 = Debug|Any CPU
		{736D70B0-BD10-4984-9C5A-7008ED024689}.Release|Any CPU.ActiveCfg = Release|Any CPU
		{736D70B0-BD10-4984-9C5A-7008ED024689}.Release|Any CPU.Build.0 = Release|Any CPU
		{8B2B0ECE-C3A5-40D7-AF67-B8A08B8791C6}.Debug|Any CPU.ActiveCfg = Debug|Any CPU
		{8B2B0ECE-C3A5-40D7-AF67-B8A08B8791C6}.Debug|Any CPU.Build.0 = Debug|Any CPU
		{8B2B0ECE-C3A5-40D7-AF67-B8A08B8791C6}.Release|Any CPU.ActiveCfg = Release|Any CPU
		{8B2B0ECE-C3A5-40D7-AF67-B8A08B8791C6}.Release|Any CPU.Build.0 = Release|Any CPU
		{3FD73BF4-ECBB-43FC-8F19-F0F5D1709AC9}.Debug|Any CPU.ActiveCfg = Debug|Any CPU
		{3FD73BF4-ECBB-43FC-8F19-F0F5D1709AC9}.Debug|Any CPU.Build.0 = Debug|Any CPU
		{3FD73BF4-ECBB-43FC-8F19-F0F5D1709AC9}.Release|Any CPU.ActiveCfg = Release|Any CPU
		{3FD73BF4-ECBB-43FC-8F19-F0F5D1709AC9}.Release|Any CPU.Build.0 = Release|Any CPU
		{190A39CF-92A3-4402-99A3-8EF3FEC0D69E}.Debug|Any CPU.ActiveCfg = Debug|Any CPU
		{190A39CF-92A3-4402-99A3-8EF3FEC0D69E}.Debug|Any CPU.Build.0 = Debug|Any CPU
		{190A39CF-92A3-4402-99A3-8EF3FEC0D69E}.Release|Any CPU.ActiveCfg = Release|Any CPU
		{190A39CF-92A3-4402-99A3-8EF3FEC0D69E}.Release|Any CPU.Build.0 = Release|Any CPU
		{4B1C48F8-1289-49E7-B6E4-A0E828A00CCE}.Debug|Any CPU.ActiveCfg = Debug|Any CPU
		{4B1C48F8-1289-49E7-B6E4-A0E828A00CCE}.Debug|Any CPU.Build.0 = Debug|Any CPU
		{4B1C48F8-1289-49E7-B6E4-A0E828A00CCE}.Release|Any CPU.ActiveCfg = Release|Any CPU
		{4B1C48F8-1289-49E7-B6E4-A0E828A00CCE}.Release|Any CPU.Build.0 = Release|Any CPU
		{A92C697E-9DF0-467F-ACB2-D5699C69564A}.Debug|Any CPU.ActiveCfg = Debug|Any CPU
		{A92C697E-9DF0-467F-ACB2-D5699C69564A}.Debug|Any CPU.Build.0 = Debug|Any CPU
		{A92C697E-9DF0-467F-ACB2-D5699C69564A}.Release|Any CPU.ActiveCfg = Release|Any CPU
		{A92C697E-9DF0-467F-ACB2-D5699C69564A}.Release|Any CPU.Build.0 = Release|Any CPU
		{29A9D5A1-23B3-4B34-9FCD-0A7725B9B92B}.Debug|Any CPU.ActiveCfg = Debug|Any CPU
		{29A9D5A1-23B3-4B34-9FCD-0A7725B9B92B}.Debug|Any CPU.Build.0 = Debug|Any CPU
		{29A9D5A1-23B3-4B34-9FCD-0A7725B9B92B}.Release|Any CPU.ActiveCfg = Release|Any CPU
		{29A9D5A1-23B3-4B34-9FCD-0A7725B9B92B}.Release|Any CPU.Build.0 = Release|Any CPU
		{AB9EE16B-8CC9-45CE-B3FA-C31EBF28405B}.Debug|Any CPU.ActiveCfg = Debug|Any CPU
		{AB9EE16B-8CC9-45CE-B3FA-C31EBF28405B}.Debug|Any CPU.Build.0 = Debug|Any CPU
		{AB9EE16B-8CC9-45CE-B3FA-C31EBF28405B}.Release|Any CPU.ActiveCfg = Release|Any CPU
		{AB9EE16B-8CC9-45CE-B3FA-C31EBF28405B}.Release|Any CPU.Build.0 = Release|Any CPU
		{59DAD7D3-A1A8-42B0-BE74-764B2AC8E14E}.Debug|Any CPU.ActiveCfg = Debug|Any CPU
		{59DAD7D3-A1A8-42B0-BE74-764B2AC8E14E}.Debug|Any CPU.Build.0 = Debug|Any CPU
		{59DAD7D3-A1A8-42B0-BE74-764B2AC8E14E}.Release|Any CPU.ActiveCfg = Release|Any CPU
		{59DAD7D3-A1A8-42B0-BE74-764B2AC8E14E}.Release|Any CPU.Build.0 = Release|Any CPU
		{2701BA9B-2448-4A0A-8F01-05C67CCA7B2C}.Debug|Any CPU.ActiveCfg = Debug|Any CPU
		{2701BA9B-2448-4A0A-8F01-05C67CCA7B2C}.Debug|Any CPU.Build.0 = Debug|Any CPU
		{2701BA9B-2448-4A0A-8F01-05C67CCA7B2C}.Release|Any CPU.ActiveCfg = Release|Any CPU
		{2701BA9B-2448-4A0A-8F01-05C67CCA7B2C}.Release|Any CPU.Build.0 = Release|Any CPU
		{D5F30097-2960-4D14-9C3E-B2152D135879}.Debug|Any CPU.ActiveCfg = Debug|Any CPU
		{D5F30097-2960-4D14-9C3E-B2152D135879}.Debug|Any CPU.Build.0 = Debug|Any CPU
		{D5F30097-2960-4D14-9C3E-B2152D135879}.Release|Any CPU.ActiveCfg = Release|Any CPU
		{D5F30097-2960-4D14-9C3E-B2152D135879}.Release|Any CPU.Build.0 = Release|Any CPU
		{2A1B211C-A251-45BD-AA26-C91F4AF77F59}.Debug|Any CPU.ActiveCfg = Debug|Any CPU
		{2A1B211C-A251-45BD-AA26-C91F4AF77F59}.Debug|Any CPU.Build.0 = Debug|Any CPU
		{2A1B211C-A251-45BD-AA26-C91F4AF77F59}.Release|Any CPU.ActiveCfg = Release|Any CPU
		{2A1B211C-A251-45BD-AA26-C91F4AF77F59}.Release|Any CPU.Build.0 = Release|Any CPU
		{9A0FC52F-EC5C-440A-907D-AAE7A01A4F6D}.Debug|Any CPU.ActiveCfg = Debug|Any CPU
		{9A0FC52F-EC5C-440A-907D-AAE7A01A4F6D}.Debug|Any CPU.Build.0 = Debug|Any CPU
		{9A0FC52F-EC5C-440A-907D-AAE7A01A4F6D}.Release|Any CPU.ActiveCfg = Release|Any CPU
		{9A0FC52F-EC5C-440A-907D-AAE7A01A4F6D}.Release|Any CPU.Build.0 = Release|Any CPU
		{7094655C-0E8E-4732-BE66-2F2F27E82DDE}.Debug|Any CPU.ActiveCfg = Debug|Any CPU
		{7094655C-0E8E-4732-BE66-2F2F27E82DDE}.Debug|Any CPU.Build.0 = Debug|Any CPU
		{7094655C-0E8E-4732-BE66-2F2F27E82DDE}.Release|Any CPU.ActiveCfg = Release|Any CPU
		{7094655C-0E8E-4732-BE66-2F2F27E82DDE}.Release|Any CPU.Build.0 = Release|Any CPU
		{FA72DB3C-D175-4B06-A089-65DBEEFD37C1}.Debug|Any CPU.ActiveCfg = Debug|Any CPU
		{FA72DB3C-D175-4B06-A089-65DBEEFD37C1}.Debug|Any CPU.Build.0 = Debug|Any CPU
		{FA72DB3C-D175-4B06-A089-65DBEEFD37C1}.Release|Any CPU.ActiveCfg = Release|Any CPU
		{FA72DB3C-D175-4B06-A089-65DBEEFD37C1}.Release|Any CPU.Build.0 = Release|Any CPU
		{975A8605-2A83-4DB1-8EFB-03691DBA9FCA}.Debug|Any CPU.ActiveCfg = Debug|Any CPU
		{975A8605-2A83-4DB1-8EFB-03691DBA9FCA}.Debug|Any CPU.Build.0 = Debug|Any CPU
		{975A8605-2A83-4DB1-8EFB-03691DBA9FCA}.Release|Any CPU.ActiveCfg = Release|Any CPU
		{975A8605-2A83-4DB1-8EFB-03691DBA9FCA}.Release|Any CPU.Build.0 = Release|Any CPU
		{E0520A9C-C284-4BFC-AD95-0AB628DC235F}.Debug|Any CPU.ActiveCfg = Debug|Any CPU
		{E0520A9C-C284-4BFC-AD95-0AB628DC235F}.Debug|Any CPU.Build.0 = Debug|Any CPU
		{E0520A9C-C284-4BFC-AD95-0AB628DC235F}.Release|Any CPU.ActiveCfg = Release|Any CPU
		{E0520A9C-C284-4BFC-AD95-0AB628DC235F}.Release|Any CPU.Build.0 = Release|Any CPU
	EndGlobalSection
	GlobalSection(SolutionProperties) = preSolution
		HideSolutionNode = FALSE
	EndGlobalSection
	GlobalSection(NestedProjects) = preSolution
		{A92C697E-9DF0-467F-ACB2-D5699C69564A} = {12DE158E-EA7C-473F-A634-C61811465961}
		{29A9D5A1-23B3-4B34-9FCD-0A7725B9B92B} = {12DE158E-EA7C-473F-A634-C61811465961}
	EndGlobalSection
	GlobalSection(ExtensibilityGlobals) = postSolution
		SolutionGuid = {82735396-5927-4CDD-8135-AE33D974E7EA}
	EndGlobalSection
EndGlobal
